// !$*UTF8*$!
{
	archiveVersion = 1;
	classes = {
	};
	objectVersion = 77;
	objects = {

/* Begin PBXBuildFile section */
		5EEE432D7C964AD0B25BBF8764DBCC73 /* BestResultChartView.swift in Sources */ = {isa = PBXBuildFile; fileRef = 5EEE432D7C964AD0B25BBF8764DBCC74 /* BestResultChartView.swift */; };
		675807452ECA74F900BBC172 /* UIView+.swift in Sources */ = {isa = PBXBuildFile; fileRef = 675807442ECA74F900BBC172 /* UIView+.swift */; };
		6782965C2EC8E2680056D7AA /* LaunchScreen.storyboard in Resources */ = {isa = PBXBuildFile; fileRef = 678296432EC8E2680056D7AA /* LaunchScreen.storyboard */; };
		6782965D2EC8E2680056D7AA /* Assets.xcassets in Resources */ = {isa = PBXBuildFile; fileRef = 678296462EC8E2680056D7AA /* Assets.xcassets */; };
		6782965F2EC8E2680056D7AA /* AppDelegate.swift in Sources */ = {isa = PBXBuildFile; fileRef = 678296412EC8E2680056D7AA /* AppDelegate.swift */; };
		678296602EC8E2680056D7AA /* SceneDelegate.swift in Sources */ = {isa = PBXBuildFile; fileRef = 678296442EC8E2680056D7AA /* SceneDelegate.swift */; };
		678296612EC8E2680056D7AA /* CoreDataEntities.swift in Sources */ = {isa = PBXBuildFile; fileRef = 678296472EC8E2680056D7AA /* CoreDataEntities.swift */; };
		678296622EC8E2680056D7AA /* CoreDataManager.swift in Sources */ = {isa = PBXBuildFile; fileRef = 678296482EC8E2680056D7AA /* CoreDataManager.swift */; };
		678296662EC8E2680056D7AA /* ExerciseStatisticsViewController.swift in Sources */ = {isa = PBXBuildFile; fileRef = 6782964C2EC8E2680056D7AA /* ExerciseStatisticsViewController.swift */; };
		678296692EC8E2680056D7AA /* FitnessApp.xcdatamodeld in Sources */ = {isa = PBXBuildFile; fileRef = 6782964F2EC8E2680056D7AA /* FitnessApp.xcdatamodeld */; };
		6782966A2EC8E2680056D7AA /* HomeViewController.swift in Sources */ = {isa = PBXBuildFile; fileRef = 678296502EC8E2680056D7AA /* HomeViewController.swift */; };
		6782966B2EC8E2680056D7AA /* LocalExercise.swift in Sources */ = {isa = PBXBuildFile; fileRef = 678296522EC8E2680056D7AA /* LocalExercise.swift */; };
		6782966C2EC8E2680056D7AA /* LocalExercisesViewController.swift in Sources */ = {isa = PBXBuildFile; fileRef = 678296532EC8E2680056D7AA /* LocalExercisesViewController.swift */; };
		6782966D2EC8E2680056D7AA /* StatisticsTableViewCell.swift in Sources */ = {isa = PBXBuildFile; fileRef = 678296542EC8E2680056D7AA /* StatisticsTableViewCell.swift */; };
		6782966E2EC8E2680056D7AA /* StatisticsViewController.swift in Sources */ = {isa = PBXBuildFile; fileRef = 678296552EC8E2680056D7AA /* StatisticsViewController.swift */; };
		678296702EC8E2680056D7AA /* Workout.swift in Sources */ = {isa = PBXBuildFile; fileRef = 678296572EC8E2680056D7AA /* Workout.swift */; };
		678296712EC8E2680056D7AA /* WorkoutSetTableViewCell.swift in Sources */ = {isa = PBXBuildFile; fileRef = 678296582EC8E2680056D7AA /* WorkoutSetTableViewCell.swift */; };
		678296722EC8E2680056D7AA /* WorkoutViewController.swift in Sources */ = {isa = PBXBuildFile; fileRef = 678296592EC8E2680056D7AA /* WorkoutViewController.swift */; };
		6782967F2EC901FC0056D7AA /* WgerExercise.swift in Sources */ = {isa = PBXBuildFile; fileRef = 6782967D2EC901FC0056D7AA /* WgerExercise.swift */; };
		678296802EC901FC0056D7AA /* WgerService.swift in Sources */ = {isa = PBXBuildFile; fileRef = 6782967E2EC901FC0056D7AA /* WgerService.swift */; };
		678296842EC902360056D7AA /* WgerExerciseDetailViewController.swift in Sources */ = {isa = PBXBuildFile; fileRef = 678296812EC902360056D7AA /* WgerExerciseDetailViewController.swift */; };
		678296852EC902360056D7AA /* WgerExercisesViewController.swift in Sources */ = {isa = PBXBuildFile; fileRef = 678296822EC902360056D7AA /* WgerExercisesViewController.swift */; };
		678296862EC902360056D7AA /* WgerExerciseTableViewCell.swift in Sources */ = {isa = PBXBuildFile; fileRef = 678296832EC902360056D7AA /* WgerExerciseTableViewCell.swift */; };
		678296882EC9040A0056D7AA /* WgerCache.swift in Sources */ = {isa = PBXBuildFile; fileRef = 678296872EC9040A0056D7AA /* WgerCache.swift */; };
		678296892EC9040B0056D7AA /* WgerCategoryCollectionViewCell.swift in Sources */ = {isa = PBXBuildFile; fileRef = 6782968A2EC9040C0056D7AA /* WgerCategoryCollectionViewCell.swift */; };
		6782968B2EC9040D0056D7AA /* MainTabBarController.swift in Sources */ = {isa = PBXBuildFile; fileRef = 6782968C2EC9040E0056D7AA /* MainTabBarController.swift */; };
		678296902EC904120056D7AA /* CustomBackButton.swift in Sources */ = {isa = PBXBuildFile; fileRef = 678296912EC904130056D7AA /* CustomBackButton.swift */; };
/* End PBXBuildFile section */

/* Begin PBXFileReference section */
		5EEE432D7C964AD0B25BBF8764DBCC74 /* BestResultChartView.swift */ = {isa = PBXFileReference; lastKnownFileType = sourcecode.swift; path = BestResultChartView.swift; sourceTree = "<group>"; };
		675807442ECA74F900BBC172 /* UIView+.swift */ = {isa = PBXFileReference; lastKnownFileType = sourcecode.swift; path = "UIView+.swift"; sourceTree = "<group>"; };
		6778BA272EC6514B009C02EF /* FitnessApp.app */ = {isa = PBXFileReference; explicitFileType = wrapper.application; includeInIndex = 0; path = FitnessApp.app; sourceTree = BUILT_PRODUCTS_DIR; };
		678296412EC8E2680056D7AA /* AppDelegate.swift */ = {isa = PBXFileReference; lastKnownFileType = sourcecode.swift; path = AppDelegate.swift; sourceTree = "<group>"; };
		678296422EC8E2680056D7AA /* Base */ = {isa = PBXFileReference; lastKnownFileType = file.storyboard; name = Base; path = Base.lproj/LaunchScreen.storyboard; sourceTree = "<group>"; };
		678296442EC8E2680056D7AA /* SceneDelegate.swift */ = {isa = PBXFileReference; lastKnownFileType = sourcecode.swift; path = SceneDelegate.swift; sourceTree = "<group>"; };
		678296462EC8E2680056D7AA /* Assets.xcassets */ = {isa = PBXFileReference; lastKnownFileType = folder.assetcatalog; path = Assets.xcassets; sourceTree = "<group>"; };
		678296472EC8E2680056D7AA /* CoreDataEntities.swift */ = {isa = PBXFileReference; lastKnownFileType = sourcecode.swift; path = CoreDataEntities.swift; sourceTree = "<group>"; };
		678296482EC8E2680056D7AA /* CoreDataManager.swift */ = {isa = PBXFileReference; lastKnownFileType = sourcecode.swift; path = CoreDataManager.swift; sourceTree = "<group>"; };
		6782964C2EC8E2680056D7AA /* ExerciseStatisticsViewController.swift */ = {isa = PBXFileReference; lastKnownFileType = sourcecode.swift; path = ExerciseStatisticsViewController.swift; sourceTree = "<group>"; };
		678296502EC8E2680056D7AA /* HomeViewController.swift */ = {isa = PBXFileReference; lastKnownFileType = sourcecode.swift; path = HomeViewController.swift; sourceTree = "<group>"; };
		678296512EC8E2680056D7AA /* Info.plist */ = {isa = PBXFileReference; lastKnownFileType = text.plist.xml; path = Info.plist; sourceTree = "<group>"; };
		678296522EC8E2680056D7AA /* LocalExercise.swift */ = {isa = PBXFileReference; lastKnownFileType = sourcecode.swift; path = LocalExercise.swift; sourceTree = "<group>"; };
		678296532EC8E2680056D7AA /* LocalExercisesViewController.swift */ = {isa = PBXFileReference; lastKnownFileType = sourcecode.swift; path = LocalExercisesViewController.swift; sourceTree = "<group>"; };
		678296542EC8E2680056D7AA /* StatisticsTableViewCell.swift */ = {isa = PBXFileReference; lastKnownFileType = sourcecode.swift; path = StatisticsTableViewCell.swift; sourceTree = "<group>"; };
		678296552EC8E2680056D7AA /* StatisticsViewController.swift */ = {isa = PBXFileReference; lastKnownFileType = sourcecode.swift; path = StatisticsViewController.swift; sourceTree = "<group>"; };
		678296572EC8E2680056D7AA /* Workout.swift */ = {isa = PBXFileReference; lastKnownFileType = sourcecode.swift; path = Workout.swift; sourceTree = "<group>"; };
		678296582EC8E2680056D7AA /* WorkoutSetTableViewCell.swift */ = {isa = PBXFileReference; lastKnownFileType = sourcecode.swift; path = WorkoutSetTableViewCell.swift; sourceTree = "<group>"; };
		678296592EC8E2680056D7AA /* WorkoutViewController.swift */ = {isa = PBXFileReference; lastKnownFileType = sourcecode.swift; path = WorkoutViewController.swift; sourceTree = "<group>"; };
		6782965B2EC8E2680056D7AA /* FitnessApp.xcdatamodel */ = {isa = PBXFileReference; lastKnownFileType = wrapper.xcdatamodel; path = FitnessApp.xcdatamodel; sourceTree = "<group>"; };
		6782967D2EC901FC0056D7AA /* WgerExercise.swift */ = {isa = PBXFileReference; lastKnownFileType = sourcecode.swift; path = WgerExercise.swift; sourceTree = "<group>"; };
		6782967E2EC901FC0056D7AA /* WgerService.swift */ = {isa = PBXFileReference; lastKnownFileType = sourcecode.swift; path = WgerService.swift; sourceTree = "<group>"; };
		678296812EC902360056D7AA /* WgerExerciseDetailViewController.swift */ = {isa = PBXFileReference; lastKnownFileType = sourcecode.swift; path = WgerExerciseDetailViewController.swift; sourceTree = "<group>"; };
		678296822EC902360056D7AA /* WgerExercisesViewController.swift */ = {isa = PBXFileReference; lastKnownFileType = sourcecode.swift; path = WgerExercisesViewController.swift; sourceTree = "<group>"; };
		678296832EC902360056D7AA /* WgerExerciseTableViewCell.swift */ = {isa = PBXFileReference; lastKnownFileType = sourcecode.swift; path = WgerExerciseTableViewCell.swift; sourceTree = "<group>"; };
		678296872EC9040A0056D7AA /* WgerCache.swift */ = {isa = PBXFileReference; lastKnownFileType = sourcecode.swift; path = WgerCache.swift; sourceTree = "<group>"; };
		6782968A2EC9040C0056D7AA /* WgerCategoryCollectionViewCell.swift */ = {isa = PBXFileReference; lastKnownFileType = sourcecode.swift; path = WgerCategoryCollectionViewCell.swift; sourceTree = "<group>"; };
		6782968C2EC9040E0056D7AA /* MainTabBarController.swift */ = {isa = PBXFileReference; lastKnownFileType = sourcecode.swift; path = MainTabBarController.swift; sourceTree = "<group>"; };
		678296912EC904130056D7AA /* CustomBackButton.swift */ = {isa = PBXFileReference; lastKnownFileType = sourcecode.swift; path = CustomBackButton.swift; sourceTree = "<group>"; };
/* End PBXFileReference section */

/* Begin PBXFrameworksBuildPhase section */
		6778BA242EC6514B009C02EF /* Frameworks */ = {
			isa = PBXFrameworksBuildPhase;
			buildActionMask = 2147483647;
			files = (
			);
			runOnlyForDeploymentPostprocessing = 0;
		};
/* End PBXFrameworksBuildPhase section */

/* Begin PBXGroup section */
		675807432ECA72D900BBC172 /* InstructionsScreen */ = {
			isa = PBXGroup;
			children = (
				678296812EC902360056D7AA /* WgerExerciseDetailViewController.swift */,
				678296822EC902360056D7AA /* WgerExercisesViewController.swift */,
				678296832EC902360056D7AA /* WgerExerciseTableViewCell.swift */,
				6782968A2EC9040C0056D7AA /* WgerCategoryCollectionViewCell.swift */,
			);
			path = InstructionsScreen;
			sourceTree = "<group>";
		};
		675807462ECB76B500BBC172 /* Model */ = {
			isa = PBXGroup;
			children = (
				678296522EC8E2680056D7AA /* LocalExercise.swift */,
			);
			path = Model;
			sourceTree = "<group>";
		};
		6778BA1E2EC6514B009C02EF = {
			isa = PBXGroup;
			children = (
				6782965A2EC8E2680056D7AA /* FitnessApp */,
				6778BA282EC6514B009C02EF /* Products */,
			);
			sourceTree = "<group>";
		};
		6778BA282EC6514B009C02EF /* Products */ = {
			isa = PBXGroup;
			children = (
				6778BA272EC6514B009C02EF /* FitnessApp.app */,
			);
			name = Products;
			sourceTree = "<group>";
		};
		678296452EC8E2680056D7AA /* App */ = {
			isa = PBXGroup;
			children = (
				678296432EC8E2680056D7AA /* LaunchScreen.storyboard */,
				678296412EC8E2680056D7AA /* AppDelegate.swift */,
				678296442EC8E2680056D7AA /* SceneDelegate.swift */,
				6782968C2EC9040E0056D7AA /* MainTabBarController.swift */,
			);
			path = App;
			sourceTree = "<group>";
		};
		6782965A2EC8E2680056D7AA /* FitnessApp */ = {
			isa = PBXGroup;
			children = (
				678296452EC8E2680056D7AA /* App */,
				678296732EC8E2740056D7AA /* SupportingFiles */,
				678296742EC8E2CA0056D7AA /* Model */,
				678296782EC8EA550056D7AA /* StatisticsScreen */,
				678296752EC8E30F0056D7AA /* HomeScreen */,
				675807432ECA72D900BBC172 /* InstructionsScreen */,
				678296762EC8E8FE0056D7AA /* ExercisesScreen */,
				678296772EC8E95D0056D7AA /* TrainScreen */,
			);
			path = FitnessApp;
			sourceTree = "<group>";
		};
		678296732EC8E2740056D7AA /* SupportingFiles */ = {
			isa = PBXGroup;
			children = (
				6782968F2EC904110056D7AA /* Utils */,
				678296512EC8E2680056D7AA /* Info.plist */,
				678296462EC8E2680056D7AA /* Assets.xcassets */,
				675807442ECA74F900BBC172 /* UIView+.swift */,
			);
			path = SupportingFiles;
			sourceTree = "<group>";
		};
		678296742EC8E2CA0056D7AA /* Model */ = {
			isa = PBXGroup;
			children = (
				678296872EC9040A0056D7AA /* WgerCache.swift */,
				6782967D2EC901FC0056D7AA /* WgerExercise.swift */,
				6782967E2EC901FC0056D7AA /* WgerService.swift */,
				6782964F2EC8E2680056D7AA /* FitnessApp.xcdatamodeld */,
				678296472EC8E2680056D7AA /* CoreDataEntities.swift */,
				678296482EC8E2680056D7AA /* CoreDataManager.swift */,
				678296572EC8E2680056D7AA /* Workout.swift */,
			);
			path = Model;
			sourceTree = "<group>";
		};
		678296752EC8E30F0056D7AA /* HomeScreen */ = {
			isa = PBXGroup;
			children = (
				678296502EC8E2680056D7AA /* HomeViewController.swift */,
			);
			path = HomeScreen;
			sourceTree = "<group>";
		};
		678296762EC8E8FE0056D7AA /* ExercisesScreen */ = {
			isa = PBXGroup;
			children = (
				678296532EC8E2680056D7AA /* LocalExercisesViewController.swift */,
				675807462ECB76B500BBC172 /* Model */,
			);
			path = ExercisesScreen;
			sourceTree = "<group>";
		};
		678296772EC8E95D0056D7AA /* TrainScreen */ = {
			isa = PBXGroup;
			children = (
				678296582EC8E2680056D7AA /* WorkoutSetTableViewCell.swift */,
				678296592EC8E2680056D7AA /* WorkoutViewController.swift */,
			);
			path = TrainScreen;
			sourceTree = "<group>";
		};
		678296782EC8EA550056D7AA /* StatisticsScreen */ = {
			isa = PBXGroup;
			children = (
				6782964C2EC8E2680056D7AA /* ExerciseStatisticsViewController.swift */,
				5EEE432D7C964AD0B25BBF8764DBCC74 /* BestResultChartView.swift */,
				678296542EC8E2680056D7AA /* StatisticsTableViewCell.swift */,
				678296552EC8E2680056D7AA /* StatisticsViewController.swift */,
			);
			path = StatisticsScreen;
			sourceTree = "<group>";
		};
		6782968F2EC904110056D7AA /* Utils */ = {
			isa = PBXGroup;
			children = (
				678296912EC904130056D7AA /* CustomBackButton.swift */,
			);
			path = Utils;
			sourceTree = "<group>";
		};
/* End PBXGroup section */

/* Begin PBXNativeTarget section */
		6778BA262EC6514B009C02EF /* FitnessApp */ = {
			isa = PBXNativeTarget;
			buildConfigurationList = 6778BA3D2EC6514D009C02EF /* Build configuration list for PBXNativeTarget "FitnessApp" */;
			buildPhases = (
				6778BA232EC6514B009C02EF /* Sources */,
				6778BA242EC6514B009C02EF /* Frameworks */,
				6778BA252EC6514B009C02EF /* Resources */,
			);
			buildRules = (
			);
			dependencies = (
			);
			name = FitnessApp;
			packageProductDependencies = (
			);
			productName = FitnessApp;
			productReference = 6778BA272EC6514B009C02EF /* FitnessApp.app */;
			productType = "com.apple.product-type.application";
		};
/* End PBXNativeTarget section */

/* Begin PBXProject section */
		6778BA1F2EC6514B009C02EF /* Project object */ = {
			isa = PBXProject;
			attributes = {
				BuildIndependentTargetsInParallel = 1;
				LastSwiftUpdateCheck = 1630;
				LastUpgradeCheck = 1630;
				TargetAttributes = {
					6778BA262EC6514B009C02EF = {
						CreatedOnToolsVersion = 16.3;
					};
				};
			};
			buildConfigurationList = 6778BA222EC6514B009C02EF /* Build configuration list for PBXProject "FitnessApp" */;
			developmentRegion = en;
			hasScannedForEncodings = 0;
			knownRegions = (
				en,
				Base,
			);
			mainGroup = 6778BA1E2EC6514B009C02EF;
			minimizedProjectReferenceProxies = 1;
			preferredProjectObjectVersion = 77;
			productRefGroup = 6778BA282EC6514B009C02EF /* Products */;
			projectDirPath = "";
			projectRoot = "";
			targets = (
				6778BA262EC6514B009C02EF /* FitnessApp */,
			);
		};
/* End PBXProject section */

/* Begin PBXResourcesBuildPhase section */
		6778BA252EC6514B009C02EF /* Resources */ = {
			isa = PBXResourcesBuildPhase;
			buildActionMask = 2147483647;
			files = (
				6782965C2EC8E2680056D7AA /* LaunchScreen.storyboard in Resources */,
				6782965D2EC8E2680056D7AA /* Assets.xcassets in Resources */,
			);
			runOnlyForDeploymentPostprocessing = 0;
		};
/* End PBXResourcesBuildPhase section */

/* Begin PBXSourcesBuildPhase section */
		6778BA232EC6514B009C02EF /* Sources */ = {
			isa = PBXSourcesBuildPhase;
			buildActionMask = 2147483647;
			files = (
				678296842EC902360056D7AA /* WgerExerciseDetailViewController.swift in Sources */,
				678296852EC902360056D7AA /* WgerExercisesViewController.swift in Sources */,
				678296862EC902360056D7AA /* WgerExerciseTableViewCell.swift in Sources */,
				678296892EC9040B0056D7AA /* WgerCategoryCollectionViewCell.swift in Sources */,
				678296882EC9040A0056D7AA /* WgerCache.swift in Sources */,
				6782965F2EC8E2680056D7AA /* AppDelegate.swift in Sources */,
				678296602EC8E2680056D7AA /* SceneDelegate.swift in Sources */,
				6782968B2EC9040D0056D7AA /* MainTabBarController.swift in Sources */,
				678296902EC904120056D7AA /* CustomBackButton.swift in Sources */,
				678296612EC8E2680056D7AA /* CoreDataEntities.swift in Sources */,
				6782967F2EC901FC0056D7AA /* WgerExercise.swift in Sources */,
				678296802EC901FC0056D7AA /* WgerService.swift in Sources */,
				678296622EC8E2680056D7AA /* CoreDataManager.swift in Sources */,
				678296662EC8E2680056D7AA /* ExerciseStatisticsViewController.swift in Sources */,
				5EEE432D7C964AD0B25BBF8764DBCC73 /* BestResultChartView.swift in Sources */,
				678296692EC8E2680056D7AA /* FitnessApp.xcdatamodeld in Sources */,
				6782966A2EC8E2680056D7AA /* HomeViewController.swift in Sources */,
				6782966B2EC8E2680056D7AA /* LocalExercise.swift in Sources */,
				6782966C2EC8E2680056D7AA /* LocalExercisesViewController.swift in Sources */,
				6782966D2EC8E2680056D7AA /* StatisticsTableViewCell.swift in Sources */,
				6782966E2EC8E2680056D7AA /* StatisticsViewController.swift in Sources */,
				678296702EC8E2680056D7AA /* Workout.swift in Sources */,
				678296712EC8E2680056D7AA /* WorkoutSetTableViewCell.swift in Sources */,
				678296722EC8E2680056D7AA /* WorkoutViewController.swift in Sources */,
				675807452ECA74F900BBC172 /* UIView+.swift in Sources */,
			);
			runOnlyForDeploymentPostprocessing = 0;
		};
/* End PBXSourcesBuildPhase section */

/* Begin PBXVariantGroup section */
		678296432EC8E2680056D7AA /* LaunchScreen.storyboard */ = {
			isa = PBXVariantGroup;
			children = (
				678296422EC8E2680056D7AA /* Base */,
			);
			name = LaunchScreen.storyboard;
			sourceTree = "<group>";
		};
/* End PBXVariantGroup section */

/* Begin XCBuildConfiguration section */
		6778BA3E2EC6514D009C02EF /* Debug */ = {
			isa = XCBuildConfiguration;
			buildSettings = {
				ASSETCATALOG_COMPILER_APPICON_NAME = AppIcon;
				ASSETCATALOG_COMPILER_GLOBAL_ACCENT_COLOR_NAME = AccentColor;
				CODE_SIGN_STYLE = Automatic;
				CURRENT_PROJECT_VERSION = 1;
				DEVELOPMENT_TEAM = 4MBS9NYJ9X;
				GENERATE_INFOPLIST_FILE = YES;
				INFOPLIST_FILE = FitnessApp/SupportingFiles/Info.plist;
				INFOPLIST_KEY_UIApplicationSupportsIndirectInputEvents = YES;
				INFOPLIST_KEY_UILaunchStoryboardName = LaunchScreen;
				INFOPLIST_KEY_UISupportedInterfaceOrientations_iPad = "UIInterfaceOrientationPortrait UIInterfaceOrientationPortraitUpsideDown UIInterfaceOrientationLandscapeLeft UIInterfaceOrientationLandscapeRight";
				INFOPLIST_KEY_UISupportedInterfaceOrientations_iPhone = "UIInterfaceOrientationPortrait UIInterfaceOrientationLandscapeLeft UIInterfaceOrientationLandscapeRight";
				IPHONEOS_DEPLOYMENT_TARGET = 15.6;
				LD_RUNPATH_SEARCH_PATHS = (
					"$(inherited)",
					"@executable_path/Frameworks",
				);
				MARKETING_VERSION = 1.0;
				PRODUCT_BUNDLE_IDENTIFIER = com.ilnur.FitnessApp;
				PRODUCT_NAME = "$(TARGET_NAME)";
				SWIFT_EMIT_LOC_STRINGS = YES;
				SWIFT_VERSION = 5.0;
				TARGETED_DEVICE_FAMILY = "1,2";
			};
			name = Debug;
		};
		6778BA3F2EC6514D009C02EF /* Release */ = {
			isa = XCBuildConfiguration;
			buildSettings = {
				ASSETCATALOG_COMPILER_APPICON_NAME = AppIcon;
				ASSETCATALOG_COMPILER_GLOBAL_ACCENT_COLOR_NAME = AccentColor;
				CODE_SIGN_STYLE = Automatic;
				CURRENT_PROJECT_VERSION = 1;
				DEVELOPMENT_TEAM = 4MBS9NYJ9X;
				GENERATE_INFOPLIST_FILE = YES;
				INFOPLIST_FILE = FitnessApp/SupportingFiles/Info.plist;
				INFOPLIST_KEY_UIApplicationSupportsIndirectInputEvents = YES;
				INFOPLIST_KEY_UILaunchStoryboardName = LaunchScreen;
				INFOPLIST_KEY_UISupportedInterfaceOrientations_iPad = "UIInterfaceOrientationPortrait UIInterfaceOrientationPortraitUpsideDown UIInterfaceOrientationLandscapeLeft UIInterfaceOrientationLandscapeRight";
				INFOPLIST_KEY_UISupportedInterfaceOrientations_iPhone = "UIInterfaceOrientationPortrait UIInterfaceOrientationLandscapeLeft UIInterfaceOrientationLandscapeRight";
				IPHONEOS_DEPLOYMENT_TARGET = 15.6;
				LD_RUNPATH_SEARCH_PATHS = (
					"$(inherited)",
					"@executable_path/Frameworks",
				);
				MARKETING_VERSION = 1.0;
				PRODUCT_BUNDLE_IDENTIFIER = com.ilnur.FitnessApp;
				PRODUCT_NAME = "$(TARGET_NAME)";
				SWIFT_EMIT_LOC_STRINGS = YES;
				SWIFT_VERSION = 5.0;
				TARGETED_DEVICE_FAMILY = "1,2";
			};
			name = Release;
		};
		6778BA402EC6514D009C02EF /* Debug */ = {
			isa = XCBuildConfiguration;
			buildSettings = {
				ALWAYS_SEARCH_USER_PATHS = NO;
				ASSETCATALOG_COMPILER_GENERATE_SWIFT_ASSET_SYMBOL_EXTENSIONS = YES;
				CLANG_ANALYZER_NONNULL = YES;
				CLANG_ANALYZER_NUMBER_OBJECT_CONVERSION = YES_AGGRESSIVE;
				CLANG_CXX_LANGUAGE_STANDARD = "gnu++20";
				CLANG_ENABLE_MODULES = YES;
				CLANG_ENABLE_OBJC_ARC = YES;
				CLANG_ENABLE_OBJC_WEAK = YES;
				CLANG_WARN_BLOCK_CAPTURE_AUTORELEASING = YES;
				CLANG_WARN_BOOL_CONVERSION = YES;
				CLANG_WARN_COMMA = YES;
				CLANG_WARN_CONSTANT_CONVERSION = YES;
				CLANG_WARN_DEPRECATED_OBJC_IMPLEMENTATIONS = YES;
				CLANG_WARN_DIRECT_OBJC_ISA_USAGE = YES_ERROR;
				CLANG_WARN_DOCUMENTATION_COMMENTS = YES;
				CLANG_WARN_EMPTY_BODY = YES;
				CLANG_WARN_ENUM_CONVERSION = YES;
				CLANG_WARN_INFINITE_RECURSION = YES;
				CLANG_WARN_INT_CONVERSION = YES;
				CLANG_WARN_NON_LITERAL_NULL_CONVERSION = YES;
				CLANG_WARN_OBJC_IMPLICIT_RETAIN_SELF = YES;
				CLANG_WARN_OBJC_LITERAL_CONVERSION = YES;
				CLANG_WARN_OBJC_ROOT_CLASS = YES_ERROR;
				CLANG_WARN_QUOTED_INCLUDE_IN_FRAMEWORK_HEADER = YES;
				CLANG_WARN_RANGE_LOOP_ANALYSIS = YES;
				CLANG_WARN_STRICT_PROTOTYPES = YES;
				CLANG_WARN_SUSPICIOUS_MOVE = YES;
				CLANG_WARN_UNGUARDED_AVAILABILITY = YES_AGGRESSIVE;
				CLANG_WARN_UNREACHABLE_CODE = YES;
				CLANG_WARN__DUPLICATE_METHOD_MATCH = YES;
				COPY_PHASE_STRIP = NO;
				DEBUG_INFORMATION_FORMAT = dwarf;
				DEVELOPMENT_TEAM = 4MBS9NYJ9X;
				ENABLE_STRICT_OBJC_MSGSEND = YES;
				ENABLE_TESTABILITY = YES;
				ENABLE_USER_SCRIPT_SANDBOXING = YES;
				GCC_C_LANGUAGE_STANDARD = gnu17;
				GCC_DYNAMIC_NO_PIC = NO;
				GCC_NO_COMMON_BLOCKS = YES;
				GCC_OPTIMIZATION_LEVEL = 0;
				GCC_PREPROCESSOR_DEFINITIONS = (
					"DEBUG=1",
					"$(inherited)",
				);
				GCC_WARN_64_TO_32_BIT_CONVERSION = YES;
				GCC_WARN_ABOUT_RETURN_TYPE = YES_ERROR;
				GCC_WARN_UNDECLARED_SELECTOR = YES;
				GCC_WARN_UNINITIALIZED_AUTOS = YES_AGGRESSIVE;
				GCC_WARN_UNUSED_FUNCTION = YES;
				GCC_WARN_UNUSED_VARIABLE = YES;
				IPHONEOS_DEPLOYMENT_TARGET = 18.4;
				LOCALIZATION_PREFERS_STRING_CATALOGS = YES;
				MTL_ENABLE_DEBUG_INFO = INCLUDE_SOURCE;
				MTL_FAST_MATH = YES;
				ONLY_ACTIVE_ARCH = YES;
				SDKROOT = iphoneos;
				SWIFT_ACTIVE_COMPILATION_CONDITIONS = "DEBUG $(inherited)";
				SWIFT_OPTIMIZATION_LEVEL = "-Onone";
			};
			name = Debug;
		};
		6778BA412EC6514D009C02EF /* Release */ = {
			isa = XCBuildConfiguration;
			buildSettings = {
				ALWAYS_SEARCH_USER_PATHS = NO;
				ASSETCATALOG_COMPILER_GENERATE_SWIFT_ASSET_SYMBOL_EXTENSIONS = YES;
				CLANG_ANALYZER_NONNULL = YES;
				CLANG_ANALYZER_NUMBER_OBJECT_CONVERSION = YES_AGGRESSIVE;
				CLANG_CXX_LANGUAGE_STANDARD = "gnu++20";
				CLANG_ENABLE_MODULES = YES;
				CLANG_ENABLE_OBJC_ARC = YES;
				CLANG_ENABLE_OBJC_WEAK = YES;
				CLANG_WARN_BLOCK_CAPTURE_AUTORELEASING = YES;
				CLANG_WARN_BOOL_CONVERSION = YES;
				CLANG_WARN_COMMA = YES;
				CLANG_WARN_CONSTANT_CONVERSION = YES;
				CLANG_WARN_DEPRECATED_OBJC_IMPLEMENTATIONS = YES;
				CLANG_WARN_DIRECT_OBJC_ISA_USAGE = YES_ERROR;
				CLANG_WARN_DOCUMENTATION_COMMENTS = YES;
				CLANG_WARN_EMPTY_BODY = YES;
				CLANG_WARN_ENUM_CONVERSION = YES;
				CLANG_WARN_INFINITE_RECURSION = YES;
				CLANG_WARN_INT_CONVERSION = YES;
				CLANG_WARN_NON_LITERAL_NULL_CONVERSION = YES;
				CLANG_WARN_OBJC_IMPLICIT_RETAIN_SELF = YES;
				CLANG_WARN_OBJC_LITERAL_CONVERSION = YES;
				CLANG_WARN_OBJC_ROOT_CLASS = YES_ERROR;
				CLANG_WARN_QUOTED_INCLUDE_IN_FRAMEWORK_HEADER = YES;
				CLANG_WARN_RANGE_LOOP_ANALYSIS = YES;
				CLANG_WARN_STRICT_PROTOTYPES = YES;
				CLANG_WARN_SUSPICIOUS_MOVE = YES;
				CLANG_WARN_UNGUARDED_AVAILABILITY = YES_AGGRESSIVE;
				CLANG_WARN_UNREACHABLE_CODE = YES;
				CLANG_WARN__DUPLICATE_METHOD_MATCH = YES;
				COPY_PHASE_STRIP = NO;
				DEBUG_INFORMATION_FORMAT = "dwarf-with-dsym";
				DEVELOPMENT_TEAM = 4MBS9NYJ9X;
				ENABLE_NS_ASSERTIONS = NO;
				ENABLE_STRICT_OBJC_MSGSEND = YES;
				ENABLE_USER_SCRIPT_SANDBOXING = YES;
				GCC_C_LANGUAGE_STANDARD = gnu17;
				GCC_NO_COMMON_BLOCKS = YES;
				GCC_WARN_64_TO_32_BIT_CONVERSION = YES;
				GCC_WARN_ABOUT_RETURN_TYPE = YES_ERROR;
				GCC_WARN_UNDECLARED_SELECTOR = YES;
				GCC_WARN_UNINITIALIZED_AUTOS = YES_AGGRESSIVE;
				GCC_WARN_UNUSED_FUNCTION = YES;
				GCC_WARN_UNUSED_VARIABLE = YES;
				IPHONEOS_DEPLOYMENT_TARGET = 18.4;
				LOCALIZATION_PREFERS_STRING_CATALOGS = YES;
				MTL_ENABLE_DEBUG_INFO = NO;
				MTL_FAST_MATH = YES;
				SDKROOT = iphoneos;
				SWIFT_COMPILATION_MODE = wholemodule;
				VALIDATE_PRODUCT = YES;
			};
			name = Release;
		};
/* End XCBuildConfiguration section */

/* Begin XCConfigurationList section */
		6778BA222EC6514B009C02EF /* Build configuration list for PBXProject "FitnessApp" */ = {
			isa = XCConfigurationList;
			buildConfigurations = (
				6778BA402EC6514D009C02EF /* Debug */,
				6778BA412EC6514D009C02EF /* Release */,
			);
			defaultConfigurationIsVisible = 0;
			defaultConfigurationName = Release;
		};
		6778BA3D2EC6514D009C02EF /* Build configuration list for PBXNativeTarget "FitnessApp" */ = {
			isa = XCConfigurationList;
			buildConfigurations = (
				6778BA3E2EC6514D009C02EF /* Debug */,
				6778BA3F2EC6514D009C02EF /* Release */,
			);
			defaultConfigurationIsVisible = 0;
			defaultConfigurationName = Release;
		};
/* End XCConfigurationList section */

/* Begin XCVersionGroup section */
		6782964F2EC8E2680056D7AA /* FitnessApp.xcdatamodeld */ = {
			isa = XCVersionGroup;
			children = (
				6782965B2EC8E2680056D7AA /* FitnessApp.xcdatamodel */,
			);
			currentVersion = 6782965B2EC8E2680056D7AA /* FitnessApp.xcdatamodel */;
			path = FitnessApp.xcdatamodeld;
			sourceTree = "<group>";
			versionGroupType = wrapper.xcdatamodel;
		};
/* End XCVersionGroup section */
	};
	rootObject = 6778BA1F2EC6514B009C02EF /* Project object */;
}
